// !$*UTF8*$!
{
	archiveVersion = 1;
	classes = {
	};
	objectVersion = 56;
	objects = {

/* Begin PBXBuildFile section */
		1E0259672B1E433F00FCF800 /* ProductsDatabase.swift in Sources */ = {isa = PBXBuildFile; fileRef = 1E0259662B1E433F00FCF800 /* ProductsDatabase.swift */; };
		1E02596A2B1E442C00FCF800 /* ProductsView.swift in Sources */ = {isa = PBXBuildFile; fileRef = 1E0259692B1E442C00FCF800 /* ProductsView.swift */; };
		1E02596C2B1E484700FCF800 /* ProductsManager.swift in Sources */ = {isa = PBXBuildFile; fileRef = 1E02596B2B1E484700FCF800 /* ProductsManager.swift */; };
		1E1399082B10625400F1BD43 /* GoogleService-Info.plist in Resources */ = {isa = PBXBuildFile; fileRef = 1E1399072B10625400F1BD43 /* GoogleService-Info.plist */; };
		1E13990B2B1065B900F1BD43 /* GoogleSignIn in Frameworks */ = {isa = PBXBuildFile; productRef = 1E13990A2B1065B900F1BD43 /* GoogleSignIn */; };
		1E13990D2B1065B900F1BD43 /* GoogleSignInSwift in Frameworks */ = {isa = PBXBuildFile; productRef = 1E13990C2B1065B900F1BD43 /* GoogleSignInSwift */; };
		1E1399112B106B1500F1BD43 /* Utilities.swift in Sources */ = {isa = PBXBuildFile; fileRef = 1E1399102B106B1500F1BD43 /* Utilities.swift */; };
		1E1623E22B19B73900B43207 /* UserManager.swift in Sources */ = {isa = PBXBuildFile; fileRef = 1E1623E12B19B73900B43207 /* UserManager.swift */; };
		1E30B3D82B19142D00237CB9 /* SettingViewModel.swift in Sources */ = {isa = PBXBuildFile; fileRef = 1E30B3D72B19142D00237CB9 /* SettingViewModel.swift */; };
		1E30B3DB2B1914B900237CB9 /* AuthenticationViewModel.swift in Sources */ = {isa = PBXBuildFile; fileRef = 1E30B3DA2B1914B900237CB9 /* AuthenticationViewModel.swift */; };
		1E30B3DE2B19156F00237CB9 /* SignInEmailViewModel.swift in Sources */ = {isa = PBXBuildFile; fileRef = 1E30B3DD2B19156F00237CB9 /* SignInEmailViewModel.swift */; };
		1E30B3E12B1915E000237CB9 /* ProfileView.swift in Sources */ = {isa = PBXBuildFile; fileRef = 1E30B3E02B1915E000237CB9 /* ProfileView.swift */; };
		1E4D76B52B4403DC00BB0773 /* BasketView.swift in Sources */ = {isa = PBXBuildFile; fileRef = 1E4D76B42B4403DC00BB0773 /* BasketView.swift */; };
		1E4D76B92B4404F900BB0773 /* BasketViewModel.swift in Sources */ = {isa = PBXBuildFile; fileRef = 1E4D76B82B4404F900BB0773 /* BasketViewModel.swift */; };
		1E57A4DA2B25CA01002B4278 /* FavoriteView.swift in Sources */ = {isa = PBXBuildFile; fileRef = 1E57A4D92B25CA01002B4278 /* FavoriteView.swift */; };
		1E7279B12B2AD85B00F20AA9 /* StorageManager.swift in Sources */ = {isa = PBXBuildFile; fileRef = 1E7279B02B2AD85B00F20AA9 /* StorageManager.swift */; };
		1E7279B32B2AE32200F20AA9 /* ProfileViewModel.swift in Sources */ = {isa = PBXBuildFile; fileRef = 1E7279B22B2AE32200F20AA9 /* ProfileViewModel.swift */; };
		1E7279B72B2C68DA00F20AA9 /* CrashView.swift in Sources */ = {isa = PBXBuildFile; fileRef = 1E7279B62B2C68DA00F20AA9 /* CrashView.swift */; };
		1E7279B92B316B7F00F20AA9 /* FirebasePerformance in Frameworks */ = {isa = PBXBuildFile; productRef = 1E7279B82B316B7F00F20AA9 /* FirebasePerformance */; };
		1E7279BC2B316BE700F20AA9 /* CrashManager.swift in Sources */ = {isa = PBXBuildFile; fileRef = 1E7279BB2B316BE700F20AA9 /* CrashManager.swift */; };
		1E7279BE2B316C2D00F20AA9 /* PerfomanceView.swift in Sources */ = {isa = PBXBuildFile; fileRef = 1E7279BD2B316C2D00F20AA9 /* PerfomanceView.swift */; };
		1E7279C12B31C6BB00F20AA9 /* AdSupport.framework in Frameworks */ = {isa = PBXBuildFile; fileRef = 1E7279C02B31C6BB00F20AA9 /* AdSupport.framework */; };
		1E7279C32B31C74E00F20AA9 /* AnalyticsView.swift in Sources */ = {isa = PBXBuildFile; fileRef = 1E7279C22B31C74E00F20AA9 /* AnalyticsView.swift */; };
		1E7CC7302B01EC2A00D2C2AD /* AuthenticationView.swift in Sources */ = {isa = PBXBuildFile; fileRef = 1E7CC72F2B01EC2A00D2C2AD /* AuthenticationView.swift */; };
		1E7CC7322B01F5CC00D2C2AD /* SignInEmailView.swift in Sources */ = {isa = PBXBuildFile; fileRef = 1E7CC7312B01F5CC00D2C2AD /* SignInEmailView.swift */; };
		1E7CC7342B01FA3800D2C2AD /* AuthenticationManager.swift in Sources */ = {isa = PBXBuildFile; fileRef = 1E7CC7332B01FA3800D2C2AD /* AuthenticationManager.swift */; };
		1E7CFC052B275BAB00E2A4C6 /* Query+EXT.swift in Sources */ = {isa = PBXBuildFile; fileRef = 1E7CFC042B275BAB00E2A4C6 /* Query+EXT.swift */; };
		1E7CFC092B275C5C00E2A4C6 /* OnFirstAppearViewModifier.swift in Sources */ = {isa = PBXBuildFile; fileRef = 1E7CFC082B275C5C00E2A4C6 /* OnFirstAppearViewModifier.swift */; };
		1E7CFC0B2B275CC200E2A4C6 /* FavoriteViewModel.swift in Sources */ = {isa = PBXBuildFile; fileRef = 1E7CFC0A2B275CC200E2A4C6 /* FavoriteViewModel.swift */; };
		1E7CFC0D2B275D2200E2A4C6 /* ProductsViewModel.swift in Sources */ = {isa = PBXBuildFile; fileRef = 1E7CFC0C2B275D2200E2A4C6 /* ProductsViewModel.swift */; };
		1E7E459F2B1F1A3000E85704 /* ProductCellView.swift in Sources */ = {isa = PBXBuildFile; fileRef = 1E7E459E2B1F1A3000E85704 /* ProductCellView.swift */; };
		1E923FAA2AFFAEEC00EA23D2 /* FirebaseSwiftUIApp.swift in Sources */ = {isa = PBXBuildFile; fileRef = 1E923FA92AFFAEEC00EA23D2 /* FirebaseSwiftUIApp.swift */; };
		1E923FAC2AFFAEEC00EA23D2 /* ContentView.swift in Sources */ = {isa = PBXBuildFile; fileRef = 1E923FAB2AFFAEEC00EA23D2 /* ContentView.swift */; };
		1E923FAE2AFFAEEE00EA23D2 /* Assets.xcassets in Resources */ = {isa = PBXBuildFile; fileRef = 1E923FAD2AFFAEEE00EA23D2 /* Assets.xcassets */; };
		1E923FB12AFFAEEE00EA23D2 /* Preview Assets.xcassets in Resources */ = {isa = PBXBuildFile; fileRef = 1E923FB02AFFAEEE00EA23D2 /* Preview Assets.xcassets */; };
		1E923FBF2AFFB47700EA23D2 /* FirebaseAnalytics in Frameworks */ = {isa = PBXBuildFile; productRef = 1E923FBE2AFFB47700EA23D2 /* FirebaseAnalytics */; };
		1E923FC32AFFB47700EA23D2 /* FirebaseAnalyticsSwift in Frameworks */ = {isa = PBXBuildFile; productRef = 1E923FC22AFFB47700EA23D2 /* FirebaseAnalyticsSwift */; };
		1E923FCB2AFFB47700EA23D2 /* FirebaseAuth in Frameworks */ = {isa = PBXBuildFile; productRef = 1E923FCA2AFFB47700EA23D2 /* FirebaseAuth */; };
		1E923FCD2AFFB47700EA23D2 /* FirebaseAuthCombine-Community in Frameworks */ = {isa = PBXBuildFile; productRef = 1E923FCC2AFFB47700EA23D2 /* FirebaseAuthCombine-Community */; };
		1E923FCF2AFFB47700EA23D2 /* FirebaseCrashlytics in Frameworks */ = {isa = PBXBuildFile; productRef = 1E923FCE2AFFB47700EA23D2 /* FirebaseCrashlytics */; };
		1E923FD72AFFB47700EA23D2 /* FirebaseFirestore in Frameworks */ = {isa = PBXBuildFile; productRef = 1E923FD62AFFB47700EA23D2 /* FirebaseFirestore */; };
		1E923FD92AFFB47700EA23D2 /* FirebaseFirestoreCombine-Community in Frameworks */ = {isa = PBXBuildFile; productRef = 1E923FD82AFFB47700EA23D2 /* FirebaseFirestoreCombine-Community */; };
		1E923FDB2AFFB47700EA23D2 /* FirebaseFirestoreSwift in Frameworks */ = {isa = PBXBuildFile; productRef = 1E923FDA2AFFB47700EA23D2 /* FirebaseFirestoreSwift */; };
		1E923FF12AFFB47700EA23D2 /* FirebaseStorage in Frameworks */ = {isa = PBXBuildFile; productRef = 1E923FF02AFFB47700EA23D2 /* FirebaseStorage */; };
		1EA71DBF2B0222DC00F977D6 /* RootView.swift in Sources */ = {isa = PBXBuildFile; fileRef = 1EA71DBE2B0222DC00F977D6 /* RootView.swift */; };
		1EA71DC12B02360500F977D6 /* SettingView.swift in Sources */ = {isa = PBXBuildFile; fileRef = 1EA71DC02B02360500F977D6 /* SettingView.swift */; };
		1EBA11762B172BD40042D9CB /* SignInAppleHelper.swift in Sources */ = {isa = PBXBuildFile; fileRef = 1EBA11752B172BD40042D9CB /* SignInAppleHelper.swift */; };
		1ED8929C2B11F3E700196216 /* SignInGoogleHelper.swift in Sources */ = {isa = PBXBuildFile; fileRef = 1ED8929B2B11F3E700196216 /* SignInGoogleHelper.swift */; };
		1EF46E6D2B25C6810020560E /* TabBarView.swift in Sources */ = {isa = PBXBuildFile; fileRef = 1EF46E6C2B25C6810020560E /* TabBarView.swift */; };
		1EFBDEA82B25DE8E004E59B3 /* ProductCellViewBuilder.swift in Sources */ = {isa = PBXBuildFile; fileRef = 1EFBDEA72B25DE8E004E59B3 /* ProductCellViewBuilder.swift */; };
/* End PBXBuildFile section */

/* Begin PBXFileReference section */
		1E0259662B1E433F00FCF800 /* ProductsDatabase.swift */ = {isa = PBXFileReference; lastKnownFileType = sourcecode.swift; path = ProductsDatabase.swift; sourceTree = "<group>"; };
		1E0259692B1E442C00FCF800 /* ProductsView.swift */ = {isa = PBXFileReference; lastKnownFileType = sourcecode.swift; path = ProductsView.swift; sourceTree = "<group>"; };
		1E02596B2B1E484700FCF800 /* ProductsManager.swift */ = {isa = PBXFileReference; lastKnownFileType = sourcecode.swift; path = ProductsManager.swift; sourceTree = "<group>"; };
		1E1399072B10625400F1BD43 /* GoogleService-Info.plist */ = {isa = PBXFileReference; fileEncoding = 4; lastKnownFileType = text.plist.xml; name = "GoogleService-Info.plist"; path = "../../../../../../Downloads/GoogleService-Info.plist"; sourceTree = "<group>"; };
		1E13990E2B10661100F1BD43 /* Info.plist */ = {isa = PBXFileReference; lastKnownFileType = text.plist.xml; path = Info.plist; sourceTree = "<group>"; };
		1E1399102B106B1500F1BD43 /* Utilities.swift */ = {isa = PBXFileReference; lastKnownFileType = sourcecode.swift; path = Utilities.swift; sourceTree = "<group>"; };
		1E1623E12B19B73900B43207 /* UserManager.swift */ = {isa = PBXFileReference; lastKnownFileType = sourcecode.swift; path = UserManager.swift; sourceTree = "<group>"; };
		1E30B3D72B19142D00237CB9 /* SettingViewModel.swift */ = {isa = PBXFileReference; lastKnownFileType = sourcecode.swift; path = SettingViewModel.swift; sourceTree = "<group>"; };
		1E30B3DA2B1914B900237CB9 /* AuthenticationViewModel.swift */ = {isa = PBXFileReference; lastKnownFileType = sourcecode.swift; path = AuthenticationViewModel.swift; sourceTree = "<group>"; };
		1E30B3DD2B19156F00237CB9 /* SignInEmailViewModel.swift */ = {isa = PBXFileReference; lastKnownFileType = sourcecode.swift; path = SignInEmailViewModel.swift; sourceTree = "<group>"; };
		1E30B3E02B1915E000237CB9 /* ProfileView.swift */ = {isa = PBXFileReference; lastKnownFileType = sourcecode.swift; path = ProfileView.swift; sourceTree = "<group>"; };
		1E4D76B42B4403DC00BB0773 /* BasketView.swift */ = {isa = PBXFileReference; lastKnownFileType = sourcecode.swift; path = BasketView.swift; sourceTree = "<group>"; };
		1E4D76B82B4404F900BB0773 /* BasketViewModel.swift */ = {isa = PBXFileReference; lastKnownFileType = sourcecode.swift; path = BasketViewModel.swift; sourceTree = "<group>"; };
		1E57A4D92B25CA01002B4278 /* FavoriteView.swift */ = {isa = PBXFileReference; lastKnownFileType = sourcecode.swift; path = FavoriteView.swift; sourceTree = "<group>"; };
		1E7279B02B2AD85B00F20AA9 /* StorageManager.swift */ = {isa = PBXFileReference; lastKnownFileType = sourcecode.swift; path = StorageManager.swift; sourceTree = "<group>"; };
		1E7279B22B2AE32200F20AA9 /* ProfileViewModel.swift */ = {isa = PBXFileReference; lastKnownFileType = sourcecode.swift; path = ProfileViewModel.swift; sourceTree = "<group>"; };
		1E7279B62B2C68DA00F20AA9 /* CrashView.swift */ = {isa = PBXFileReference; lastKnownFileType = sourcecode.swift; path = CrashView.swift; sourceTree = "<group>"; };
		1E7279BB2B316BE700F20AA9 /* CrashManager.swift */ = {isa = PBXFileReference; lastKnownFileType = sourcecode.swift; path = CrashManager.swift; sourceTree = "<group>"; };
		1E7279BD2B316C2D00F20AA9 /* PerfomanceView.swift */ = {isa = PBXFileReference; lastKnownFileType = sourcecode.swift; path = PerfomanceView.swift; sourceTree = "<group>"; };
		1E7279C02B31C6BB00F20AA9 /* AdSupport.framework */ = {isa = PBXFileReference; lastKnownFileType = wrapper.framework; name = AdSupport.framework; path = System/Library/Frameworks/AdSupport.framework; sourceTree = SDKROOT; };
		1E7279C22B31C74E00F20AA9 /* AnalyticsView.swift */ = {isa = PBXFileReference; lastKnownFileType = sourcecode.swift; path = AnalyticsView.swift; sourceTree = "<group>"; };
		1E7CC72F2B01EC2A00D2C2AD /* AuthenticationView.swift */ = {isa = PBXFileReference; lastKnownFileType = sourcecode.swift; path = AuthenticationView.swift; sourceTree = "<group>"; };
		1E7CC7312B01F5CC00D2C2AD /* SignInEmailView.swift */ = {isa = PBXFileReference; lastKnownFileType = sourcecode.swift; path = SignInEmailView.swift; sourceTree = "<group>"; };
		1E7CC7332B01FA3800D2C2AD /* AuthenticationManager.swift */ = {isa = PBXFileReference; lastKnownFileType = sourcecode.swift; path = AuthenticationManager.swift; sourceTree = "<group>"; };
		1E7CFC042B275BAB00E2A4C6 /* Query+EXT.swift */ = {isa = PBXFileReference; lastKnownFileType = sourcecode.swift; path = "Query+EXT.swift"; sourceTree = "<group>"; };
		1E7CFC082B275C5C00E2A4C6 /* OnFirstAppearViewModifier.swift */ = {isa = PBXFileReference; lastKnownFileType = sourcecode.swift; path = OnFirstAppearViewModifier.swift; sourceTree = "<group>"; };
		1E7CFC0A2B275CC200E2A4C6 /* FavoriteViewModel.swift */ = {isa = PBXFileReference; lastKnownFileType = sourcecode.swift; path = FavoriteViewModel.swift; sourceTree = "<group>"; };
		1E7CFC0C2B275D2200E2A4C6 /* ProductsViewModel.swift */ = {isa = PBXFileReference; lastKnownFileType = sourcecode.swift; path = ProductsViewModel.swift; sourceTree = "<group>"; };
		1E7E459E2B1F1A3000E85704 /* ProductCellView.swift */ = {isa = PBXFileReference; lastKnownFileType = sourcecode.swift; path = ProductCellView.swift; sourceTree = "<group>"; };
		1E923FA62AFFAEEC00EA23D2 /* FirebaseSwiftUI.app */ = {isa = PBXFileReference; explicitFileType = wrapper.application; includeInIndex = 0; path = FirebaseSwiftUI.app; sourceTree = BUILT_PRODUCTS_DIR; };
		1E923FA92AFFAEEC00EA23D2 /* FirebaseSwiftUIApp.swift */ = {isa = PBXFileReference; lastKnownFileType = sourcecode.swift; path = FirebaseSwiftUIApp.swift; sourceTree = "<group>"; };
		1E923FAB2AFFAEEC00EA23D2 /* ContentView.swift */ = {isa = PBXFileReference; lastKnownFileType = sourcecode.swift; path = ContentView.swift; sourceTree = "<group>"; };
		1E923FAD2AFFAEEE00EA23D2 /* Assets.xcassets */ = {isa = PBXFileReference; lastKnownFileType = folder.assetcatalog; path = Assets.xcassets; sourceTree = "<group>"; };
		1E923FB02AFFAEEE00EA23D2 /* Preview Assets.xcassets */ = {isa = PBXFileReference; lastKnownFileType = folder.assetcatalog; path = "Preview Assets.xcassets"; sourceTree = "<group>"; };
		1EA71DBE2B0222DC00F977D6 /* RootView.swift */ = {isa = PBXFileReference; lastKnownFileType = sourcecode.swift; path = RootView.swift; sourceTree = "<group>"; };
		1EA71DC02B02360500F977D6 /* SettingView.swift */ = {isa = PBXFileReference; lastKnownFileType = sourcecode.swift; path = SettingView.swift; sourceTree = "<group>"; };
		1EBA11752B172BD40042D9CB /* SignInAppleHelper.swift */ = {isa = PBXFileReference; lastKnownFileType = sourcecode.swift; path = SignInAppleHelper.swift; sourceTree = "<group>"; };
		1ED8929B2B11F3E700196216 /* SignInGoogleHelper.swift */ = {isa = PBXFileReference; lastKnownFileType = sourcecode.swift; path = SignInGoogleHelper.swift; sourceTree = "<group>"; };
		1EF46E6C2B25C6810020560E /* TabBarView.swift */ = {isa = PBXFileReference; lastKnownFileType = sourcecode.swift; path = TabBarView.swift; sourceTree = "<group>"; };
		1EFBDEA72B25DE8E004E59B3 /* ProductCellViewBuilder.swift */ = {isa = PBXFileReference; lastKnownFileType = sourcecode.swift; path = ProductCellViewBuilder.swift; sourceTree = "<group>"; };
/* End PBXFileReference section */

/* Begin PBXFrameworksBuildPhase section */
		1E923FA32AFFAEEC00EA23D2 /* Frameworks */ = {
			isa = PBXFrameworksBuildPhase;
			buildActionMask = 2147483647;
			files = (
				1E923FD72AFFB47700EA23D2 /* FirebaseFirestore in Frameworks */,
				1E923FC32AFFB47700EA23D2 /* FirebaseAnalyticsSwift in Frameworks */,
				1E7279B92B316B7F00F20AA9 /* FirebasePerformance in Frameworks */,
				1E923FBF2AFFB47700EA23D2 /* FirebaseAnalytics in Frameworks */,
				1E13990D2B1065B900F1BD43 /* GoogleSignInSwift in Frameworks */,
				1E923FDB2AFFB47700EA23D2 /* FirebaseFirestoreSwift in Frameworks */,
				1E7279C12B31C6BB00F20AA9 /* AdSupport.framework in Frameworks */,
				1E923FCB2AFFB47700EA23D2 /* FirebaseAuth in Frameworks */,
				1E923FCF2AFFB47700EA23D2 /* FirebaseCrashlytics in Frameworks */,
				1E13990B2B1065B900F1BD43 /* GoogleSignIn in Frameworks */,
				1E923FCD2AFFB47700EA23D2 /* FirebaseAuthCombine-Community in Frameworks */,
				1E923FF12AFFB47700EA23D2 /* FirebaseStorage in Frameworks */,
				1E923FD92AFFB47700EA23D2 /* FirebaseFirestoreCombine-Community in Frameworks */,
			);
			runOnlyForDeploymentPostprocessing = 0;
		};
/* End PBXFrameworksBuildPhase section */

/* Begin PBXGroup section */
		1E0259682B1E440C00FCF800 /* Products */ = {
			isa = PBXGroup;
			children = (
				1E0259692B1E442C00FCF800 /* ProductsView.swift */,
				1E7CFC0C2B275D2200E2A4C6 /* ProductsViewModel.swift */,
				1E7E459D2B1F1A0B00E85704 /* SubViews */,
			);
			path = Products;
			sourceTree = "<group>";
		};
		1E13990F2B106AE400F1BD43 /* Utilities */ = {
			isa = PBXGroup;
			children = (
				1E1399102B106B1500F1BD43 /* Utilities.swift */,
				1E0259662B1E433F00FCF800 /* ProductsDatabase.swift */,
			);
			path = Utilities;
			sourceTree = "<group>";
		};
		1E1623E02B19B70800B43207 /* Firestore */ = {
			isa = PBXGroup;
			children = (
				1E1623E12B19B73900B43207 /* UserManager.swift */,
				1E02596B2B1E484700FCF800 /* ProductsManager.swift */,
			);
			path = Firestore;
			sourceTree = "<group>";
		};
		1E30B3D42B19131500237CB9 /* Frameworks */ = {
			isa = PBXGroup;
			children = (
				1E7279C02B31C6BB00F20AA9 /* AdSupport.framework */,
			);
			name = Frameworks;
			sourceTree = "<group>";
		};
		1E30B3D52B1913AB00237CB9 /* Core */ = {
			isa = PBXGroup;
			children = (
				1EA71DBE2B0222DC00F977D6 /* RootView.swift */,
				1E57A4D82B25C9DE002B4278 /* Favorites */,
				1EF46E6B2B25C6550020560E /* Tabbar */,
				1E30B3DF2B1915BC00237CB9 /* Profile */,
				1E0259682B1E440C00FCF800 /* Products */,
				1E30B3D92B19148200237CB9 /* Authentication */,
				1E30B3D62B19141000237CB9 /* Setting */,
			);
			path = Core;
			sourceTree = "<group>";
		};
		1E30B3D62B19141000237CB9 /* Setting */ = {
			isa = PBXGroup;
			children = (
				1EA71DC02B02360500F977D6 /* SettingView.swift */,
				1E30B3D72B19142D00237CB9 /* SettingViewModel.swift */,
			);
			path = Setting;
			sourceTree = "<group>";
		};
		1E30B3D92B19148200237CB9 /* Authentication */ = {
			isa = PBXGroup;
			children = (
				1E30B3DC2B19152200237CB9 /* SubViews */,
				1E7CC72F2B01EC2A00D2C2AD /* AuthenticationView.swift */,
				1E30B3DA2B1914B900237CB9 /* AuthenticationViewModel.swift */,
			);
			path = Authentication;
			sourceTree = "<group>";
		};
		1E30B3DC2B19152200237CB9 /* SubViews */ = {
			isa = PBXGroup;
			children = (
				1E7CC7312B01F5CC00D2C2AD /* SignInEmailView.swift */,
				1E30B3DD2B19156F00237CB9 /* SignInEmailViewModel.swift */,
			);
			path = SubViews;
			sourceTree = "<group>";
		};
		1E30B3DF2B1915BC00237CB9 /* Profile */ = {
			isa = PBXGroup;
			children = (
				1E30B3E02B1915E000237CB9 /* ProfileView.swift */,
				1E7279B22B2AE32200F20AA9 /* ProfileViewModel.swift */,
			);
			path = Profile;
			sourceTree = "<group>";
		};
		1E4D76B32B4403A300BB0773 /* BasketView */ = {
			isa = PBXGroup;
			children = (
				1E4D76B42B4403DC00BB0773 /* BasketView.swift */,
				1E4D76B82B4404F900BB0773 /* BasketViewModel.swift */,
			);
			path = BasketView;
			sourceTree = "<group>";
		};
		1E57A4D82B25C9DE002B4278 /* Favorites */ = {
			isa = PBXGroup;
			children = (
				1E57A4D92B25CA01002B4278 /* FavoriteView.swift */,
				1E7CFC0A2B275CC200E2A4C6 /* FavoriteViewModel.swift */,
			);
			path = Favorites;
			sourceTree = "<group>";
		};
		1E7279AF2B2AD83A00F20AA9 /* Storage */ = {
			isa = PBXGroup;
			children = (
				1E7279B02B2AD85B00F20AA9 /* StorageManager.swift */,
			);
			path = Storage;
			sourceTree = "<group>";
		};
		1E7279B52B2C68AF00F20AA9 /* Crashlytics */ = {
			isa = PBXGroup;
			children = (
				1E7279B62B2C68DA00F20AA9 /* CrashView.swift */,
				1E7279BB2B316BE700F20AA9 /* CrashManager.swift */,
			);
			path = Crashlytics;
			sourceTree = "<group>";
		};
		1E7279BA2B316B9700F20AA9 /* Perfomance */ = {
			isa = PBXGroup;
			children = (
				1E7279BD2B316C2D00F20AA9 /* PerfomanceView.swift */,
			);
			path = Perfomance;
			sourceTree = "<group>";
		};
		1E7279BF2B31C65A00F20AA9 /* Analytics */ = {
			isa = PBXGroup;
			children = (
				1E7279C22B31C74E00F20AA9 /* AnalyticsView.swift */,
			);
			path = Analytics;
			sourceTree = "<group>";
		};
		1E7CC72E2B01EBF600D2C2AD /* Auth */ = {
			isa = PBXGroup;
			children = (
				1EBA11752B172BD40042D9CB /* SignInAppleHelper.swift */,
				1E7CC7332B01FA3800D2C2AD /* AuthenticationManager.swift */,
				1ED8929B2B11F3E700196216 /* SignInGoogleHelper.swift */,
			);
			path = Auth;
			sourceTree = "<group>";
		};
		1E7CFC032B275B8700E2A4C6 /* Extensions */ = {
			isa = PBXGroup;
			children = (
				1E7CFC042B275BAB00E2A4C6 /* Query+EXT.swift */,
			);
			path = Extensions;
			sourceTree = "<group>";
		};
		1E7CFC062B275C1D00E2A4C6 /* Components */ = {
			isa = PBXGroup;
			children = (
				1E7CFC072B275C3200E2A4C6 /* ViewModifiers */,
			);
			path = Components;
			sourceTree = "<group>";
		};
		1E7CFC072B275C3200E2A4C6 /* ViewModifiers */ = {
			isa = PBXGroup;
			children = (
				1E7CFC082B275C5C00E2A4C6 /* OnFirstAppearViewModifier.swift */,
			);
			path = ViewModifiers;
			sourceTree = "<group>";
		};
		1E7E459D2B1F1A0B00E85704 /* SubViews */ = {
			isa = PBXGroup;
			children = (
				1E7E459E2B1F1A3000E85704 /* ProductCellView.swift */,
				1EFBDEA72B25DE8E004E59B3 /* ProductCellViewBuilder.swift */,
			);
			path = SubViews;
			sourceTree = "<group>";
		};
		1E923F9D2AFFAEEC00EA23D2 = {
			isa = PBXGroup;
			children = (
				1E923FA82AFFAEEC00EA23D2 /* FirebaseSwiftUI */,
				1E923FA72AFFAEEC00EA23D2 /* Products */,
				1E30B3D42B19131500237CB9 /* Frameworks */,
			);
			sourceTree = "<group>";
		};
		1E923FA72AFFAEEC00EA23D2 /* Products */ = {
			isa = PBXGroup;
			children = (
				1E923FA62AFFAEEC00EA23D2 /* FirebaseSwiftUI.app */,
			);
			name = Products;
			sourceTree = "<group>";
		};
		1E923FA82AFFAEEC00EA23D2 /* FirebaseSwiftUI */ = {
			isa = PBXGroup;
			children = (
				1E4D76B32B4403A300BB0773 /* BasketView */,
				1E7CFC062B275C1D00E2A4C6 /* Components */,
				1E7CFC032B275B8700E2A4C6 /* Extensions */,
				1E1623E02B19B70800B43207 /* Firestore */,
				1E13990F2B106AE400F1BD43 /* Utilities */,
				1E30B3D52B1913AB00237CB9 /* Core */,
				1E7CC72E2B01EBF600D2C2AD /* Auth */,
				1E923FA92AFFAEEC00EA23D2 /* FirebaseSwiftUIApp.swift */,
				1E7279BF2B31C65A00F20AA9 /* Analytics */,
				1E923FAB2AFFAEEC00EA23D2 /* ContentView.swift */,
				1E7279BA2B316B9700F20AA9 /* Perfomance */,
				1E7279B52B2C68AF00F20AA9 /* Crashlytics */,
				1E7279AF2B2AD83A00F20AA9 /* Storage */,
				1E923FAD2AFFAEEE00EA23D2 /* Assets.xcassets */,
				1E13990E2B10661100F1BD43 /* Info.plist */,
				1E923FAF2AFFAEEE00EA23D2 /* Preview Content */,
			);
			path = FirebaseSwiftUI;
			sourceTree = "<group>";
		};
		1E923FAF2AFFAEEE00EA23D2 /* Preview Content */ = {
			isa = PBXGroup;
			children = (
				1E923FB02AFFAEEE00EA23D2 /* Preview Assets.xcassets */,
				1E1399072B10625400F1BD43 /* GoogleService-Info.plist */,
			);
			path = "Preview Content";
			sourceTree = "<group>";
		};
		1EF46E6B2B25C6550020560E /* Tabbar */ = {
			isa = PBXGroup;
			children = (
				1EF46E6C2B25C6810020560E /* TabBarView.swift */,
			);
			path = Tabbar;
			sourceTree = "<group>";
		};
/* End PBXGroup section */

/* Begin PBXNativeTarget section */
		1E923FA52AFFAEEC00EA23D2 /* FirebaseSwiftUI */ = {
			isa = PBXNativeTarget;
			buildConfigurationList = 1E923FB42AFFAEEE00EA23D2 /* Build configuration list for PBXNativeTarget "FirebaseSwiftUI" */;
			buildPhases = (
				1E923FA22AFFAEEC00EA23D2 /* Sources */,
				1E923FA32AFFAEEC00EA23D2 /* Frameworks */,
				1E923FA42AFFAEEC00EA23D2 /* Resources */,
				1E7279B42B2C649100F20AA9 /* ShellScript */,
			);
			buildRules = (
			);
			dependencies = (
			);
			name = FirebaseSwiftUI;
			packageProductDependencies = (
				1E923FBE2AFFB47700EA23D2 /* FirebaseAnalytics */,
				1E923FC22AFFB47700EA23D2 /* FirebaseAnalyticsSwift */,
				1E923FCA2AFFB47700EA23D2 /* FirebaseAuth */,
				1E923FCC2AFFB47700EA23D2 /* FirebaseAuthCombine-Community */,
				1E923FCE2AFFB47700EA23D2 /* FirebaseCrashlytics */,
				1E923FD62AFFB47700EA23D2 /* FirebaseFirestore */,
				1E923FD82AFFB47700EA23D2 /* FirebaseFirestoreCombine-Community */,
				1E923FDA2AFFB47700EA23D2 /* FirebaseFirestoreSwift */,
				1E923FF02AFFB47700EA23D2 /* FirebaseStorage */,
				1E13990A2B1065B900F1BD43 /* GoogleSignIn */,
				1E13990C2B1065B900F1BD43 /* GoogleSignInSwift */,
				1E7279B82B316B7F00F20AA9 /* FirebasePerformance */,
			);
			productName = FirebaseSwiftUI;
			productReference = 1E923FA62AFFAEEC00EA23D2 /* FirebaseSwiftUI.app */;
			productType = "com.apple.product-type.application";
		};
/* End PBXNativeTarget section */

/* Begin PBXProject section */
		1E923F9E2AFFAEEC00EA23D2 /* Project object */ = {
			isa = PBXProject;
			attributes = {
				BuildIndependentTargetsInParallel = 1;
				LastSwiftUpdateCheck = 1500;
				LastUpgradeCheck = 1500;
				TargetAttributes = {
					1E923FA52AFFAEEC00EA23D2 = {
						CreatedOnToolsVersion = 15.0.1;
					};
				};
			};
			buildConfigurationList = 1E923FA12AFFAEEC00EA23D2 /* Build configuration list for PBXProject "FirebaseSwiftUI" */;
			compatibilityVersion = "Xcode 14.0";
			developmentRegion = en;
			hasScannedForEncodings = 0;
			knownRegions = (
				en,
				Base,
			);
			mainGroup = 1E923F9D2AFFAEEC00EA23D2;
			packageReferences = (
				1E923FBD2AFFB47600EA23D2 /* XCRemoteSwiftPackageReference "firebase-ios-sdk" */,
				1E1399092B1065B900F1BD43 /* XCRemoteSwiftPackageReference "GoogleSignIn-iOS" */,
			);
			productRefGroup = 1E923FA72AFFAEEC00EA23D2 /* Products */;
			projectDirPath = "";
			projectRoot = "";
			targets = (
				1E923FA52AFFAEEC00EA23D2 /* FirebaseSwiftUI */,
			);
		};
/* End PBXProject section */

/* Begin PBXResourcesBuildPhase section */
		1E923FA42AFFAEEC00EA23D2 /* Resources */ = {
			isa = PBXResourcesBuildPhase;
			buildActionMask = 2147483647;
			files = (
				1E923FB12AFFAEEE00EA23D2 /* Preview Assets.xcassets in Resources */,
				1E923FAE2AFFAEEE00EA23D2 /* Assets.xcassets in Resources */,
				1E1399082B10625400F1BD43 /* GoogleService-Info.plist in Resources */,
			);
			runOnlyForDeploymentPostprocessing = 0;
		};
/* End PBXResourcesBuildPhase section */

/* Begin PBXShellScriptBuildPhase section */
		1E7279B42B2C649100F20AA9 /* ShellScript */ = {
			isa = PBXShellScriptBuildPhase;
			buildActionMask = 2147483647;
			files = (
			);
			inputFileListPaths = (
			);
			inputPaths = (
				"${DWARF_DSYM_FOLDER_PATH}/${DWARF_DSYM_FILE_NAME}",
				"${DWARF_DSYM_FOLDER_PATH}/${DWARF_DSYM_FILE_NAME}/Contents/Resources/DWARF/${PRODUCT_NAME}",
				"${DWARF_DSYM_FOLDER_PATH}/${DWARF_DSYM_FILE_NAME}/Contents/Info.plist",
				"$(TARGET_BUILD_DIR)/$(UNLOCALIZED_RESOURCES_FOLDER_PATH)/GoogleService-Info.plist",
				"$(TARGET_BUILD_DIR)/$(EXECUTABLE_PATH)",
			);
			outputFileListPaths = (
			);
			outputPaths = (
			);
			runOnlyForDeploymentPostprocessing = 0;
			shellPath = /bin/sh;
			shellScript = "\n\"${BUILD_DIR%/Build/*}/SourcePackages/checkouts/firebase-ios-sdk/Crashlytics/run\"\n";
		};
/* End PBXShellScriptBuildPhase section */

/* Begin PBXSourcesBuildPhase section */
		1E923FA22AFFAEEC00EA23D2 /* Sources */ = {
			isa = PBXSourcesBuildPhase;
			buildActionMask = 2147483647;
			files = (
				1E4D76B52B4403DC00BB0773 /* BasketView.swift in Sources */,
				1E30B3DB2B1914B900237CB9 /* AuthenticationViewModel.swift in Sources */,
				1E7279BC2B316BE700F20AA9 /* CrashManager.swift in Sources */,
				1E923FAC2AFFAEEC00EA23D2 /* ContentView.swift in Sources */,
				1E7E459F2B1F1A3000E85704 /* ProductCellView.swift in Sources */,
				1E923FAA2AFFAEEC00EA23D2 /* FirebaseSwiftUIApp.swift in Sources */,
				1E1623E22B19B73900B43207 /* UserManager.swift in Sources */,
				1E7CC7302B01EC2A00D2C2AD /* AuthenticationView.swift in Sources */,
				1E7279B32B2AE32200F20AA9 /* ProfileViewModel.swift in Sources */,
				1E7279B72B2C68DA00F20AA9 /* CrashView.swift in Sources */,
				1EA71DC12B02360500F977D6 /* SettingView.swift in Sources */,
				1E30B3DE2B19156F00237CB9 /* SignInEmailViewModel.swift in Sources */,
				1E7CFC0B2B275CC200E2A4C6 /* FavoriteViewModel.swift in Sources */,
				1E02596C2B1E484700FCF800 /* ProductsManager.swift in Sources */,
				1ED8929C2B11F3E700196216 /* SignInGoogleHelper.swift in Sources */,
				1E7CC7342B01FA3800D2C2AD /* AuthenticationManager.swift in Sources */,
				1EA71DBF2B0222DC00F977D6 /* RootView.swift in Sources */,
				1E0259672B1E433F00FCF800 /* ProductsDatabase.swift in Sources */,
				1E4D76B92B4404F900BB0773 /* BasketViewModel.swift in Sources */,
				1E7279C32B31C74E00F20AA9 /* AnalyticsView.swift in Sources */,
				1E1399112B106B1500F1BD43 /* Utilities.swift in Sources */,
				1E02596A2B1E442C00FCF800 /* ProductsView.swift in Sources */,
				1E7CFC0D2B275D2200E2A4C6 /* ProductsViewModel.swift in Sources */,
				1E30B3D82B19142D00237CB9 /* SettingViewModel.swift in Sources */,
				1E57A4DA2B25CA01002B4278 /* FavoriteView.swift in Sources */,
				1EBA11762B172BD40042D9CB /* SignInAppleHelper.swift in Sources */,
				1E7CFC092B275C5C00E2A4C6 /* OnFirstAppearViewModifier.swift in Sources */,
				1E7279B12B2AD85B00F20AA9 /* StorageManager.swift in Sources */,
				1E7279BE2B316C2D00F20AA9 /* PerfomanceView.swift in Sources */,
				1EFBDEA82B25DE8E004E59B3 /* ProductCellViewBuilder.swift in Sources */,
				1E30B3E12B1915E000237CB9 /* ProfileView.swift in Sources */,
				1EF46E6D2B25C6810020560E /* TabBarView.swift in Sources */,
				1E7CC7322B01F5CC00D2C2AD /* SignInEmailView.swift in Sources */,
				1E7CFC052B275BAB00E2A4C6 /* Query+EXT.swift in Sources */,
			);
			runOnlyForDeploymentPostprocessing = 0;
		};
/* End PBXSourcesBuildPhase section */

/* Begin XCBuildConfiguration section */
		1E923FB22AFFAEEE00EA23D2 /* Debug */ = {
			isa = XCBuildConfiguration;
			buildSettings = {
				ALWAYS_SEARCH_USER_PATHS = NO;
				ASSETCATALOG_COMPILER_GENERATE_SWIFT_ASSET_SYMBOL_EXTENSIONS = YES;
				CLANG_ANALYZER_NONNULL = YES;
				CLANG_ANALYZER_NUMBER_OBJECT_CONVERSION = YES_AGGRESSIVE;
				CLANG_CXX_LANGUAGE_STANDARD = "gnu++20";
				CLANG_ENABLE_MODULES = YES;
				CLANG_ENABLE_OBJC_ARC = YES;
				CLANG_ENABLE_OBJC_WEAK = YES;
				CLANG_WARN_BLOCK_CAPTURE_AUTORELEASING = YES;
				CLANG_WARN_BOOL_CONVERSION = YES;
				CLANG_WARN_COMMA = YES;
				CLANG_WARN_CONSTANT_CONVERSION = YES;
				CLANG_WARN_DEPRECATED_OBJC_IMPLEMENTATIONS = YES;
				CLANG_WARN_DIRECT_OBJC_ISA_USAGE = YES_ERROR;
				CLANG_WARN_DOCUMENTATION_COMMENTS = YES;
				CLANG_WARN_EMPTY_BODY = YES;
				CLANG_WARN_ENUM_CONVERSION = YES;
				CLANG_WARN_INFINITE_RECURSION = YES;
				CLANG_WARN_INT_CONVERSION = YES;
				CLANG_WARN_NON_LITERAL_NULL_CONVERSION = YES;
				CLANG_WARN_OBJC_IMPLICIT_RETAIN_SELF = YES;
				CLANG_WARN_OBJC_LITERAL_CONVERSION = YES;
				CLANG_WARN_OBJC_ROOT_CLASS = YES_ERROR;
				CLANG_WARN_QUOTED_INCLUDE_IN_FRAMEWORK_HEADER = YES;
				CLANG_WARN_RANGE_LOOP_ANALYSIS = YES;
				CLANG_WARN_STRICT_PROTOTYPES = YES;
				CLANG_WARN_SUSPICIOUS_MOVE = YES;
				CLANG_WARN_UNGUARDED_AVAILABILITY = YES_AGGRESSIVE;
				CLANG_WARN_UNREACHABLE_CODE = YES;
				CLANG_WARN__DUPLICATE_METHOD_MATCH = YES;
				COPY_PHASE_STRIP = NO;
				DEBUG_INFORMATION_FORMAT = "dwarf-with-dsym";
				ENABLE_STRICT_OBJC_MSGSEND = YES;
				ENABLE_TESTABILITY = YES;
				ENABLE_USER_SCRIPT_SANDBOXING = YES;
				GCC_C_LANGUAGE_STANDARD = gnu17;
				GCC_DYNAMIC_NO_PIC = NO;
				GCC_NO_COMMON_BLOCKS = YES;
				GCC_OPTIMIZATION_LEVEL = 0;
				GCC_PREPROCESSOR_DEFINITIONS = (
					"DEBUG=1",
					"$(inherited)",
				);
				GCC_WARN_64_TO_32_BIT_CONVERSION = YES;
				GCC_WARN_ABOUT_RETURN_TYPE = YES_ERROR;
				GCC_WARN_UNDECLARED_SELECTOR = YES;
				GCC_WARN_UNINITIALIZED_AUTOS = YES_AGGRESSIVE;
				GCC_WARN_UNUSED_FUNCTION = YES;
				GCC_WARN_UNUSED_VARIABLE = YES;
				IPHONEOS_DEPLOYMENT_TARGET = 17.0;
				LOCALIZATION_PREFERS_STRING_CATALOGS = YES;
				MTL_ENABLE_DEBUG_INFO = INCLUDE_SOURCE;
				MTL_FAST_MATH = YES;
				ONLY_ACTIVE_ARCH = YES;
				SDKROOT = iphoneos;
				SWIFT_ACTIVE_COMPILATION_CONDITIONS = "DEBUG $(inherited)";
				SWIFT_OPTIMIZATION_LEVEL = "-Onone";
			};
			name = Debug;
		};
		1E923FB32AFFAEEE00EA23D2 /* Release */ = {
			isa = XCBuildConfiguration;
			buildSettings = {
				ALWAYS_SEARCH_USER_PATHS = NO;
				ASSETCATALOG_COMPILER_GENERATE_SWIFT_ASSET_SYMBOL_EXTENSIONS = YES;
				CLANG_ANALYZER_NONNULL = YES;
				CLANG_ANALYZER_NUMBER_OBJECT_CONVERSION = YES_AGGRESSIVE;
				CLANG_CXX_LANGUAGE_STANDARD = "gnu++20";
				CLANG_ENABLE_MODULES = YES;
				CLANG_ENABLE_OBJC_ARC = YES;
				CLANG_ENABLE_OBJC_WEAK = YES;
				CLANG_WARN_BLOCK_CAPTURE_AUTORELEASING = YES;
				CLANG_WARN_BOOL_CONVERSION = YES;
				CLANG_WARN_COMMA = YES;
				CLANG_WARN_CONSTANT_CONVERSION = YES;
				CLANG_WARN_DEPRECATED_OBJC_IMPLEMENTATIONS = YES;
				CLANG_WARN_DIRECT_OBJC_ISA_USAGE = YES_ERROR;
				CLANG_WARN_DOCUMENTATION_COMMENTS = YES;
				CLANG_WARN_EMPTY_BODY = YES;
				CLANG_WARN_ENUM_CONVERSION = YES;
				CLANG_WARN_INFINITE_RECURSION = YES;
				CLANG_WARN_INT_CONVERSION = YES;
				CLANG_WARN_NON_LITERAL_NULL_CONVERSION = YES;
				CLANG_WARN_OBJC_IMPLICIT_RETAIN_SELF = YES;
				CLANG_WARN_OBJC_LITERAL_CONVERSION = YES;
				CLANG_WARN_OBJC_ROOT_CLASS = YES_ERROR;
				CLANG_WARN_QUOTED_INCLUDE_IN_FRAMEWORK_HEADER = YES;
				CLANG_WARN_RANGE_LOOP_ANALYSIS = YES;
				CLANG_WARN_STRICT_PROTOTYPES = YES;
				CLANG_WARN_SUSPICIOUS_MOVE = YES;
				CLANG_WARN_UNGUARDED_AVAILABILITY = YES_AGGRESSIVE;
				CLANG_WARN_UNREACHABLE_CODE = YES;
				CLANG_WARN__DUPLICATE_METHOD_MATCH = YES;
				COPY_PHASE_STRIP = NO;
				DEBUG_INFORMATION_FORMAT = "dwarf-with-dsym";
				ENABLE_NS_ASSERTIONS = NO;
				ENABLE_STRICT_OBJC_MSGSEND = YES;
				ENABLE_USER_SCRIPT_SANDBOXING = YES;
				GCC_C_LANGUAGE_STANDARD = gnu17;
				GCC_NO_COMMON_BLOCKS = YES;
				GCC_WARN_64_TO_32_BIT_CONVERSION = YES;
				GCC_WARN_ABOUT_RETURN_TYPE = YES_ERROR;
				GCC_WARN_UNDECLARED_SELECTOR = YES;
				GCC_WARN_UNINITIALIZED_AUTOS = YES_AGGRESSIVE;
				GCC_WARN_UNUSED_FUNCTION = YES;
				GCC_WARN_UNUSED_VARIABLE = YES;
				IPHONEOS_DEPLOYMENT_TARGET = 17.0;
				LOCALIZATION_PREFERS_STRING_CATALOGS = YES;
				MTL_ENABLE_DEBUG_INFO = NO;
				MTL_FAST_MATH = YES;
				SDKROOT = iphoneos;
				SWIFT_COMPILATION_MODE = wholemodule;
				VALIDATE_PRODUCT = YES;
			};
			name = Release;
		};
		1E923FB52AFFAEEE00EA23D2 /* Debug */ = {
			isa = XCBuildConfiguration;
			buildSettings = {
				ASSETCATALOG_COMPILER_APPICON_NAME = AppIcon;
				ASSETCATALOG_COMPILER_GLOBAL_ACCENT_COLOR_NAME = AccentColor;
				CODE_SIGN_STYLE = Automatic;
				CURRENT_PROJECT_VERSION = 1;
				DEVELOPMENT_ASSET_PATHS = "\"FirebaseSwiftUI/Preview Content\"";
				DEVELOPMENT_TEAM = RABG73847X;
				ENABLE_PREVIEWS = YES;
				GENERATE_INFOPLIST_FILE = YES;
				INFOPLIST_FILE = FirebaseSwiftUI/Info.plist;
				INFOPLIST_KEY_UIApplicationSceneManifest_Generation = YES;
				INFOPLIST_KEY_UIApplicationSupportsIndirectInputEvents = YES;
				INFOPLIST_KEY_UILaunchScreen_Generation = YES;
				INFOPLIST_KEY_UISupportedInterfaceOrientations_iPad = "UIInterfaceOrientationPortrait UIInterfaceOrientationPortraitUpsideDown UIInterfaceOrientationLandscapeLeft UIInterfaceOrientationLandscapeRight";
				INFOPLIST_KEY_UISupportedInterfaceOrientations_iPhone = "UIInterfaceOrientationPortrait UIInterfaceOrientationLandscapeLeft UIInterfaceOrientationLandscapeRight";
				LD_RUNPATH_SEARCH_PATHS = (
					"$(inherited)",
					"@executable_path/Frameworks",
				);
				MARKETING_VERSION = 1.0;
				PRODUCT_BUNDLE_IDENTIFIER = StudyGeneral.FirebaseSwiftUI;
				PRODUCT_NAME = "$(TARGET_NAME)";
				SWIFT_EMIT_LOC_STRINGS = YES;
				SWIFT_VERSION = 5.0;
				TARGETED_DEVICE_FAMILY = "1,2";
			};
			name = Debug;
		};
		1E923FB62AFFAEEE00EA23D2 /* Release */ = {
			isa = XCBuildConfiguration;
			buildSettings = {
				ASSETCATALOG_COMPILER_APPICON_NAME = AppIcon;
				ASSETCATALOG_COMPILER_GLOBAL_ACCENT_COLOR_NAME = AccentColor;
				CODE_SIGN_STYLE = Automatic;
				CURRENT_PROJECT_VERSION = 1;
				DEVELOPMENT_ASSET_PATHS = "\"FirebaseSwiftUI/Preview Content\"";
				DEVELOPMENT_TEAM = RABG73847X;
				ENABLE_PREVIEWS = YES;
				GENERATE_INFOPLIST_FILE = YES;
				INFOPLIST_FILE = FirebaseSwiftUI/Info.plist;
				INFOPLIST_KEY_UIApplicationSceneManifest_Generation = YES;
				INFOPLIST_KEY_UIApplicationSupportsIndirectInputEvents = YES;
				INFOPLIST_KEY_UILaunchScreen_Generation = YES;
				INFOPLIST_KEY_UISupportedInterfaceOrientations_iPad = "UIInterfaceOrientationPortrait UIInterfaceOrientationPortraitUpsideDown UIInterfaceOrientationLandscapeLeft UIInterfaceOrientationLandscapeRight";
				INFOPLIST_KEY_UISupportedInterfaceOrientations_iPhone = "UIInterfaceOrientationPortrait UIInterfaceOrientationLandscapeLeft UIInterfaceOrientationLandscapeRight";
				LD_RUNPATH_SEARCH_PATHS = (
					"$(inherited)",
					"@executable_path/Frameworks",
				);
				MARKETING_VERSION = 1.0;
				PRODUCT_BUNDLE_IDENTIFIER = StudyGeneral.FirebaseSwiftUI;
				PRODUCT_NAME = "$(TARGET_NAME)";
				SWIFT_EMIT_LOC_STRINGS = YES;
				SWIFT_VERSION = 5.0;
				TARGETED_DEVICE_FAMILY = "1,2";
			};
			name = Release;
		};
/* End XCBuildConfiguration section */

/* Begin XCConfigurationList section */
		1E923FA12AFFAEEC00EA23D2 /* Build configuration list for PBXProject "FirebaseSwiftUI" */ = {
			isa = XCConfigurationList;
			buildConfigurations = (
				1E923FB22AFFAEEE00EA23D2 /* Debug */,
				1E923FB32AFFAEEE00EA23D2 /* Release */,
			);
			defaultConfigurationIsVisible = 0;
			defaultConfigurationName = Release;
		};
		1E923FB42AFFAEEE00EA23D2 /* Build configuration list for PBXNativeTarget "FirebaseSwiftUI" */ = {
			isa = XCConfigurationList;
			buildConfigurations = (
				1E923FB52AFFAEEE00EA23D2 /* Debug */,
				1E923FB62AFFAEEE00EA23D2 /* Release */,
			);
			defaultConfigurationIsVisible = 0;
			defaultConfigurationName = Release;
		};
/* End XCConfigurationList section */

/* Begin XCRemoteSwiftPackageReference section */
		1E1399092B1065B900F1BD43 /* XCRemoteSwiftPackageReference "GoogleSignIn-iOS" */ = {
			isa = XCRemoteSwiftPackageReference;
			repositoryURL = "https://github.com/google/GoogleSignIn-iOS.git";
			requirement = {
				kind = upToNextMajorVersion;
				minimumVersion = 7.0.0;
			};
		};
		1E923FBD2AFFB47600EA23D2 /* XCRemoteSwiftPackageReference "firebase-ios-sdk" */ = {
			isa = XCRemoteSwiftPackageReference;
			repositoryURL = "https://github.com/firebase/firebase-ios-sdk";
			requirement = {
				kind = upToNextMajorVersion;
				minimumVersion = 10.17.0;
			};
		};
/* End XCRemoteSwiftPackageReference section */

/* Begin XCSwiftPackageProductDependency section */
		1E13990A2B1065B900F1BD43 /* GoogleSignIn */ = {
			isa = XCSwiftPackageProductDependency;
			package = 1E1399092B1065B900F1BD43 /* XCRemoteSwiftPackageReference "GoogleSignIn-iOS" */;
			productName = GoogleSignIn;
		};
		1E13990C2B1065B900F1BD43 /* GoogleSignInSwift */ = {
			isa = XCSwiftPackageProductDependency;
			package = 1E1399092B1065B900F1BD43 /* XCRemoteSwiftPackageReference "GoogleSignIn-iOS" */;
			productName = GoogleSignInSwift;
		};
		1E7279B82B316B7F00F20AA9 /* FirebasePerformance */ = {
			isa = XCSwiftPackageProductDependency;
			package = 1E923FBD2AFFB47600EA23D2 /* XCRemoteSwiftPackageReference "firebase-ios-sdk" */;
			productName = FirebasePerformance;
		};
		1E923FBE2AFFB47700EA23D2 /* FirebaseAnalytics */ = {
			isa = XCSwiftPackageProductDependency;
			package = 1E923FBD2AFFB47600EA23D2 /* XCRemoteSwiftPackageReference "firebase-ios-sdk" */;
			productName = FirebaseAnalytics;
		};
		1E923FC22AFFB47700EA23D2 /* FirebaseAnalyticsSwift */ = {
			isa = XCSwiftPackageProductDependency;
			package = 1E923FBD2AFFB47600EA23D2 /* XCRemoteSwiftPackageReference "firebase-ios-sdk" */;
			productName = FirebaseAnalyticsSwift;
		};
		1E923FCA2AFFB47700EA23D2 /* FirebaseAuth */ = {
			isa = XCSwiftPackageProductDependency;
			package = 1E923FBD2AFFB47600EA23D2 /* XCRemoteSwiftPackageReference "firebase-ios-sdk" */;
			productName = FirebaseAuth;
		};
		1E923FCC2AFFB47700EA23D2 /* FirebaseAuthCombine-Community */ = {
			isa = XCSwiftPackageProductDependency;
			package = 1E923FBD2AFFB47600EA23D2 /* XCRemoteSwiftPackageReference "firebase-ios-sdk" */;
			productName = "FirebaseAuthCombine-Community";
		};
		1E923FCE2AFFB47700EA23D2 /* FirebaseCrashlytics */ = {
			isa = XCSwiftPackageProductDependency;
			package = 1E923FBD2AFFB47600EA23D2 /* XCRemoteSwiftPackageReference "firebase-ios-sdk" */;
			productName = FirebaseCrashlytics;
		};
		1E923FD62AFFB47700EA23D2 /* FirebaseFirestore */ = {
			isa = XCSwiftPackageProductDependency;
			package = 1E923FBD2AFFB47600EA23D2 /* XCRemoteSwiftPackageReference "firebase-ios-sdk" */;
			productName = FirebaseFirestore;
		};
		1E923FD82AFFB47700EA23D2 /* FirebaseFirestoreCombine-Community */ = {
			isa = XCSwiftPackageProductDependency;
			package = 1E923FBD2AFFB47600EA23D2 /* XCRemoteSwiftPackageReference "firebase-ios-sdk" */;
			productName = "FirebaseFirestoreCombine-Community";
		};
		1E923FDA2AFFB47700EA23D2 /* FirebaseFirestoreSwift */ = {
			isa = XCSwiftPackageProductDependency;
			package = 1E923FBD2AFFB47600EA23D2 /* XCRemoteSwiftPackageReference "firebase-ios-sdk" */;
			productName = FirebaseFirestoreSwift;
		};
		1E923FF02AFFB47700EA23D2 /* FirebaseStorage */ = {
			isa = XCSwiftPackageProductDependency;
			package = 1E923FBD2AFFB47600EA23D2 /* XCRemoteSwiftPackageReference "firebase-ios-sdk" */;
			productName = FirebaseStorage;
		};
/* End XCSwiftPackageProductDependency section */
	};
	rootObject = 1E923F9E2AFFAEEC00EA23D2 /* Project object */;
}
